// !$*UTF8*$!
{
	archiveVersion = 1;
	classes = {
	};
	objectVersion = 46;
	objects = {

/* Begin PBXBuildFile section */
		0A756EF11F3F59FE008D4B27 /* JSONSerializable.swift in Sources */ = {isa = PBXBuildFile; fileRef = 0A756EF01F3F59FE008D4B27 /* JSONSerializable.swift */; };
		0ABAD8871F3E2BE400986C73 /* AppDelegate.swift in Sources */ = {isa = PBXBuildFile; fileRef = 0ABAD8861F3E2BE400986C73 /* AppDelegate.swift */; };
		0ABAD8891F3E2BE400986C73 /* ViewController.swift in Sources */ = {isa = PBXBuildFile; fileRef = 0ABAD8881F3E2BE400986C73 /* ViewController.swift */; };
		0ABAD88C1F3E2BE400986C73 /* Main.storyboard in Resources */ = {isa = PBXBuildFile; fileRef = 0ABAD88A1F3E2BE400986C73 /* Main.storyboard */; };
		0ABAD88E1F3E2BE400986C73 /* Assets.xcassets in Resources */ = {isa = PBXBuildFile; fileRef = 0ABAD88D1F3E2BE400986C73 /* Assets.xcassets */; };
		0ABAD8911F3E2BE400986C73 /* LaunchScreen.storyboard in Resources */ = {isa = PBXBuildFile; fileRef = 0ABAD88F1F3E2BE400986C73 /* LaunchScreen.storyboard */; };
		0ABAD89C1F3E2BE400986C73 /* ChineseCardsEditorTests.swift in Sources */ = {isa = PBXBuildFile; fileRef = 0ABAD89B1F3E2BE400986C73 /* ChineseCardsEditorTests.swift */; };
		0ABAD8A71F3E2BE400986C73 /* ChineseCardsEditorUITests.swift in Sources */ = {isa = PBXBuildFile; fileRef = 0ABAD8A61F3E2BE400986C73 /* ChineseCardsEditorUITests.swift */; };
		0ABAD8B51F3E2CE000986C73 /* EditorView.swift in Sources */ = {isa = PBXBuildFile; fileRef = 0ABAD8B41F3E2CE000986C73 /* EditorView.swift */; };
		0ABAD8B71F3E2E8F00986C73 /* microphone.png in Resources */ = {isa = PBXBuildFile; fileRef = 0ABAD8B61F3E2E8F00986C73 /* microphone.png */; };
		0ABAD8B91F3E2F9100986C73 /* add.png in Resources */ = {isa = PBXBuildFile; fileRef = 0ABAD8B81F3E2F9100986C73 /* add.png */; };
		0ABAD8BB1F3E34E600986C73 /* SelectorView.swift in Sources */ = {isa = PBXBuildFile; fileRef = 0ABAD8BA1F3E34E600986C73 /* SelectorView.swift */; };
		0ABAD8BD1F3E4B9A00986C73 /* backButton.png in Resources */ = {isa = PBXBuildFile; fileRef = 0ABAD8BC1F3E4B9A00986C73 /* backButton.png */; };
		0ABAD8BF1F3E4C2D00986C73 /* dismissIcon.png in Resources */ = {isa = PBXBuildFile; fileRef = 0ABAD8BE1F3E4C2D00986C73 /* dismissIcon.png */; };
/* End PBXBuildFile section */

/* Begin PBXContainerItemProxy section */
		0ABAD8981F3E2BE400986C73 /* PBXContainerItemProxy */ = {
			isa = PBXContainerItemProxy;
			containerPortal = 0ABAD87B1F3E2BE300986C73 /* Project object */;
			proxyType = 1;
			remoteGlobalIDString = 0ABAD8821F3E2BE400986C73;
			remoteInfo = ChineseCardsEditor;
		};
		0ABAD8A31F3E2BE400986C73 /* PBXContainerItemProxy */ = {
			isa = PBXContainerItemProxy;
			containerPortal = 0ABAD87B1F3E2BE300986C73 /* Project object */;
			proxyType = 1;
			remoteGlobalIDString = 0ABAD8821F3E2BE400986C73;
			remoteInfo = ChineseCardsEditor;
		};
/* End PBXContainerItemProxy section */

/* Begin PBXFileReference section */
		0A756EF01F3F59FE008D4B27 /* JSONSerializable.swift */ = {isa = PBXFileReference; fileEncoding = 4; lastKnownFileType = sourcecode.swift; path = JSONSerializable.swift; sourceTree = "<group>"; };
		0ABAD8831F3E2BE400986C73 /* ChineseCardsEditor.app */ = {isa = PBXFileReference; explicitFileType = wrapper.application; includeInIndex = 0; path = ChineseCardsEditor.app; sourceTree = BUILT_PRODUCTS_DIR; };
		0ABAD8861F3E2BE400986C73 /* AppDelegate.swift */ = {isa = PBXFileReference; lastKnownFileType = sourcecode.swift; path = AppDelegate.swift; sourceTree = "<group>"; };
		0ABAD8881F3E2BE400986C73 /* ViewController.swift */ = {isa = PBXFileReference; lastKnownFileType = sourcecode.swift; path = ViewController.swift; sourceTree = "<group>"; };
		0ABAD88B1F3E2BE400986C73 /* Base */ = {isa = PBXFileReference; lastKnownFileType = file.storyboard; name = Base; path = Base.lproj/Main.storyboard; sourceTree = "<group>"; };
		0ABAD88D1F3E2BE400986C73 /* Assets.xcassets */ = {isa = PBXFileReference; lastKnownFileType = folder.assetcatalog; path = Assets.xcassets; sourceTree = "<group>"; };
		0ABAD8901F3E2BE400986C73 /* Base */ = {isa = PBXFileReference; lastKnownFileType = file.storyboard; name = Base; path = Base.lproj/LaunchScreen.storyboard; sourceTree = "<group>"; };
		0ABAD8921F3E2BE400986C73 /* Info.plist */ = {isa = PBXFileReference; lastKnownFileType = text.plist.xml; path = Info.plist; sourceTree = "<group>"; };
		0ABAD8971F3E2BE400986C73 /* ChineseCardsEditorTests.xctest */ = {isa = PBXFileReference; explicitFileType = wrapper.cfbundle; includeInIndex = 0; path = ChineseCardsEditorTests.xctest; sourceTree = BUILT_PRODUCTS_DIR; };
		0ABAD89B1F3E2BE400986C73 /* ChineseCardsEditorTests.swift */ = {isa = PBXFileReference; lastKnownFileType = sourcecode.swift; path = ChineseCardsEditorTests.swift; sourceTree = "<group>"; };
		0ABAD89D1F3E2BE400986C73 /* Info.plist */ = {isa = PBXFileReference; lastKnownFileType = text.plist.xml; path = Info.plist; sourceTree = "<group>"; };
		0ABAD8A21F3E2BE400986C73 /* ChineseCardsEditorUITests.xctest */ = {isa = PBXFileReference; explicitFileType = wrapper.cfbundle; includeInIndex = 0; path = ChineseCardsEditorUITests.xctest; sourceTree = BUILT_PRODUCTS_DIR; };
		0ABAD8A61F3E2BE400986C73 /* ChineseCardsEditorUITests.swift */ = {isa = PBXFileReference; lastKnownFileType = sourcecode.swift; path = ChineseCardsEditorUITests.swift; sourceTree = "<group>"; };
		0ABAD8A81F3E2BE400986C73 /* Info.plist */ = {isa = PBXFileReference; lastKnownFileType = text.plist.xml; path = Info.plist; sourceTree = "<group>"; };
		0ABAD8B41F3E2CE000986C73 /* EditorView.swift */ = {isa = PBXFileReference; fileEncoding = 4; lastKnownFileType = sourcecode.swift; path = EditorView.swift; sourceTree = "<group>"; };
		0ABAD8B61F3E2E8F00986C73 /* microphone.png */ = {isa = PBXFileReference; lastKnownFileType = image.png; path = microphone.png; sourceTree = "<group>"; };
		0ABAD8B81F3E2F9100986C73 /* add.png */ = {isa = PBXFileReference; lastKnownFileType = image.png; path = add.png; sourceTree = "<group>"; };
		0ABAD8BA1F3E34E600986C73 /* SelectorView.swift */ = {isa = PBXFileReference; fileEncoding = 4; lastKnownFileType = sourcecode.swift; path = SelectorView.swift; sourceTree = "<group>"; };
		0ABAD8BC1F3E4B9A00986C73 /* backButton.png */ = {isa = PBXFileReference; lastKnownFileType = image.png; path = backButton.png; sourceTree = "<group>"; };
		0ABAD8BE1F3E4C2D00986C73 /* dismissIcon.png */ = {isa = PBXFileReference; lastKnownFileType = image.png; path = dismissIcon.png; sourceTree = "<group>"; };
/* End PBXFileReference section */

/* Begin PBXFrameworksBuildPhase section */
		0ABAD8801F3E2BE400986C73 /* Frameworks */ = {
			isa = PBXFrameworksBuildPhase;
			buildActionMask = 2147483647;
			files = (
			);
			runOnlyForDeploymentPostprocessing = 0;
		};
		0ABAD8941F3E2BE400986C73 /* Frameworks */ = {
			isa = PBXFrameworksBuildPhase;
			buildActionMask = 2147483647;
			files = (
			);
			runOnlyForDeploymentPostprocessing = 0;
		};
		0ABAD89F1F3E2BE400986C73 /* Frameworks */ = {
			isa = PBXFrameworksBuildPhase;
			buildActionMask = 2147483647;
			files = (
			);
			runOnlyForDeploymentPostprocessing = 0;
		};
/* End PBXFrameworksBuildPhase section */

/* Begin PBXGroup section */
		0ABAD87A1F3E2BE300986C73 = {
			isa = PBXGroup;
			children = (
				0ABAD8851F3E2BE400986C73 /* ChineseCardsEditor */,
				0ABAD89A1F3E2BE400986C73 /* ChineseCardsEditorTests */,
				0ABAD8A51F3E2BE400986C73 /* ChineseCardsEditorUITests */,
				0ABAD8841F3E2BE400986C73 /* Products */,
			);
			sourceTree = "<group>";
		};
		0ABAD8841F3E2BE400986C73 /* Products */ = {
			isa = PBXGroup;
			children = (
				0ABAD8831F3E2BE400986C73 /* ChineseCardsEditor.app */,
				0ABAD8971F3E2BE400986C73 /* ChineseCardsEditorTests.xctest */,
				0ABAD8A21F3E2BE400986C73 /* ChineseCardsEditorUITests.xctest */,
			);
			name = Products;
			sourceTree = "<group>";
		};
		0ABAD8851F3E2BE400986C73 /* ChineseCardsEditor */ = {
			isa = PBXGroup;
			children = (
				0ABAD8861F3E2BE400986C73 /* AppDelegate.swift */,
				0ABAD8881F3E2BE400986C73 /* ViewController.swift */,
				0ABAD8B41F3E2CE000986C73 /* EditorView.swift */,
				0A756EF01F3F59FE008D4B27 /* JSONSerializable.swift */,
				0ABAD8BA1F3E34E600986C73 /* SelectorView.swift */,
				0ABAD8BC1F3E4B9A00986C73 /* backButton.png */,
				0ABAD8BE1F3E4C2D00986C73 /* dismissIcon.png */,
				0ABAD88A1F3E2BE400986C73 /* Main.storyboard */,
				0ABAD88D1F3E2BE400986C73 /* Assets.xcassets */,
				0ABAD88F1F3E2BE400986C73 /* LaunchScreen.storyboard */,
				0ABAD8921F3E2BE400986C73 /* Info.plist */,
				0ABAD8B61F3E2E8F00986C73 /* microphone.png */,
				0ABAD8B81F3E2F9100986C73 /* add.png */,
			);
			path = ChineseCardsEditor;
			sourceTree = "<group>";
		};
		0ABAD89A1F3E2BE400986C73 /* ChineseCardsEditorTests */ = {
			isa = PBXGroup;
			children = (
				0ABAD89B1F3E2BE400986C73 /* ChineseCardsEditorTests.swift */,
				0ABAD89D1F3E2BE400986C73 /* Info.plist */,
			);
			path = ChineseCardsEditorTests;
			sourceTree = "<group>";
		};
		0ABAD8A51F3E2BE400986C73 /* ChineseCardsEditorUITests */ = {
			isa = PBXGroup;
			children = (
				0ABAD8A61F3E2BE400986C73 /* ChineseCardsEditorUITests.swift */,
				0ABAD8A81F3E2BE400986C73 /* Info.plist */,
			);
			path = ChineseCardsEditorUITests;
			sourceTree = "<group>";
		};
/* End PBXGroup section */

/* Begin PBXNativeTarget section */
		0ABAD8821F3E2BE400986C73 /* ChineseCardsEditor */ = {
			isa = PBXNativeTarget;
			buildConfigurationList = 0ABAD8AB1F3E2BE400986C73 /* Build configuration list for PBXNativeTarget "ChineseCardsEditor" */;
			buildPhases = (
				0ABAD87F1F3E2BE400986C73 /* Sources */,
				0ABAD8801F3E2BE400986C73 /* Frameworks */,
				0ABAD8811F3E2BE400986C73 /* Resources */,
			);
			buildRules = (
			);
			dependencies = (
			);
			name = ChineseCardsEditor;
			productName = ChineseCardsEditor;
			productReference = 0ABAD8831F3E2BE400986C73 /* ChineseCardsEditor.app */;
			productType = "com.apple.product-type.application";
		};
		0ABAD8961F3E2BE400986C73 /* ChineseCardsEditorTests */ = {
			isa = PBXNativeTarget;
			buildConfigurationList = 0ABAD8AE1F3E2BE400986C73 /* Build configuration list for PBXNativeTarget "ChineseCardsEditorTests" */;
			buildPhases = (
				0ABAD8931F3E2BE400986C73 /* Sources */,
				0ABAD8941F3E2BE400986C73 /* Frameworks */,
				0ABAD8951F3E2BE400986C73 /* Resources */,
			);
			buildRules = (
			);
			dependencies = (
				0ABAD8991F3E2BE400986C73 /* PBXTargetDependency */,
			);
			name = ChineseCardsEditorTests;
			productName = ChineseCardsEditorTests;
			productReference = 0ABAD8971F3E2BE400986C73 /* ChineseCardsEditorTests.xctest */;
			productType = "com.apple.product-type.bundle.unit-test";
		};
		0ABAD8A11F3E2BE400986C73 /* ChineseCardsEditorUITests */ = {
			isa = PBXNativeTarget;
			buildConfigurationList = 0ABAD8B11F3E2BE400986C73 /* Build configuration list for PBXNativeTarget "ChineseCardsEditorUITests" */;
			buildPhases = (
				0ABAD89E1F3E2BE400986C73 /* Sources */,
				0ABAD89F1F3E2BE400986C73 /* Frameworks */,
				0ABAD8A01F3E2BE400986C73 /* Resources */,
			);
			buildRules = (
			);
			dependencies = (
				0ABAD8A41F3E2BE400986C73 /* PBXTargetDependency */,
			);
			name = ChineseCardsEditorUITests;
			productName = ChineseCardsEditorUITests;
			productReference = 0ABAD8A21F3E2BE400986C73 /* ChineseCardsEditorUITests.xctest */;
			productType = "com.apple.product-type.bundle.ui-testing";
		};
/* End PBXNativeTarget section */

/* Begin PBXProject section */
		0ABAD87B1F3E2BE300986C73 /* Project object */ = {
			isa = PBXProject;
			attributes = {
				LastSwiftUpdateCheck = 0830;
				LastUpgradeCheck = 0830;
				ORGANIZATIONNAME = "Kevin Zhou";
				TargetAttributes = {
					0ABAD8821F3E2BE400986C73 = {
						CreatedOnToolsVersion = 8.3.3;
						DevelopmentTeam = L8XDXNFNKF;
						ProvisioningStyle = Automatic;
					};
					0ABAD8961F3E2BE400986C73 = {
						CreatedOnToolsVersion = 8.3.3;
						DevelopmentTeam = L8XDXNFNKF;
						ProvisioningStyle = Automatic;
						TestTargetID = 0ABAD8821F3E2BE400986C73;
					};
					0ABAD8A11F3E2BE400986C73 = {
						CreatedOnToolsVersion = 8.3.3;
						DevelopmentTeam = L8XDXNFNKF;
						ProvisioningStyle = Automatic;
						TestTargetID = 0ABAD8821F3E2BE400986C73;
					};
				};
			};
			buildConfigurationList = 0ABAD87E1F3E2BE300986C73 /* Build configuration list for PBXProject "ChineseCardsEditor" */;
			compatibilityVersion = "Xcode 3.2";
			developmentRegion = English;
			hasScannedForEncodings = 0;
			knownRegions = (
				en,
				Base,
			);
			mainGroup = 0ABAD87A1F3E2BE300986C73;
			productRefGroup = 0ABAD8841F3E2BE400986C73 /* Products */;
			projectDirPath = "";
			projectRoot = "";
			targets = (
				0ABAD8821F3E2BE400986C73 /* ChineseCardsEditor */,
				0ABAD8961F3E2BE400986C73 /* ChineseCardsEditorTests */,
				0ABAD8A11F3E2BE400986C73 /* ChineseCardsEditorUITests */,
			);
		};
/* End PBXProject section */

/* Begin PBXResourcesBuildPhase section */
		0ABAD8811F3E2BE400986C73 /* Resources */ = {
			isa = PBXResourcesBuildPhase;
			buildActionMask = 2147483647;
			files = (
				0ABAD8911F3E2BE400986C73 /* LaunchScreen.storyboard in Resources */,
				0ABAD8B71F3E2E8F00986C73 /* microphone.png in Resources */,
				0ABAD88E1F3E2BE400986C73 /* Assets.xcassets in Resources */,
				0ABAD8BF1F3E4C2D00986C73 /* dismissIcon.png in Resources */,
				0ABAD8B91F3E2F9100986C73 /* add.png in Resources */,
				0ABAD8BD1F3E4B9A00986C73 /* backButton.png in Resources */,
				0ABAD88C1F3E2BE400986C73 /* Main.storyboard in Resources */,
			);
			runOnlyForDeploymentPostprocessing = 0;
		};
		0ABAD8951F3E2BE400986C73 /* Resources */ = {
			isa = PBXResourcesBuildPhase;
			buildActionMask = 2147483647;
			files = (
			);
			runOnlyForDeploymentPostprocessing = 0;
		};
		0ABAD8A01F3E2BE400986C73 /* Resources */ = {
			isa = PBXResourcesBuildPhase;
			buildActionMask = 2147483647;
			files = (
			);
			runOnlyForDeploymentPostprocessing = 0;
		};
/* End PBXResourcesBuildPhase section */

/* Begin PBXSourcesBuildPhase section */
		0ABAD87F1F3E2BE400986C73 /* Sources */ = {
			isa = PBXSourcesBuildPhase;
			buildActionMask = 2147483647;
			files = (
				0ABAD8891F3E2BE400986C73 /* ViewController.swift in Sources */,
				0ABAD8BB1F3E34E600986C73 /* SelectorView.swift in Sources */,
				0A756EF11F3F59FE008D4B27 /* JSONSerializable.swift in Sources */,
				0ABAD8871F3E2BE400986C73 /* AppDelegate.swift in Sources */,
				0ABAD8B51F3E2CE000986C73 /* EditorView.swift in Sources */,
			);
			runOnlyForDeploymentPostprocessing = 0;
		};
		0ABAD8931F3E2BE400986C73 /* Sources */ = {
			isa = PBXSourcesBuildPhase;
			buildActionMask = 2147483647;
			files = (
				0ABAD89C1F3E2BE400986C73 /* ChineseCardsEditorTests.swift in Sources */,
			);
			runOnlyForDeploymentPostprocessing = 0;
		};
		0ABAD89E1F3E2BE400986C73 /* Sources */ = {
			isa = PBXSourcesBuildPhase;
			buildActionMask = 2147483647;
			files = (
				0ABAD8A71F3E2BE400986C73 /* ChineseCardsEditorUITests.swift in Sources */,
			);
			runOnlyForDeploymentPostprocessing = 0;
		};
/* End PBXSourcesBuildPhase section */

/* Begin PBXTargetDependency section */
		0ABAD8991F3E2BE400986C73 /* PBXTargetDependency */ = {
			isa = PBXTargetDependency;
			target = 0ABAD8821F3E2BE400986C73 /* ChineseCardsEditor */;
			targetProxy = 0ABAD8981F3E2BE400986C73 /* PBXContainerItemProxy */;
		};
		0ABAD8A41F3E2BE400986C73 /* PBXTargetDependency */ = {
			isa = PBXTargetDependency;
			target = 0ABAD8821F3E2BE400986C73 /* ChineseCardsEditor */;
			targetProxy = 0ABAD8A31F3E2BE400986C73 /* PBXContainerItemProxy */;
		};
/* End PBXTargetDependency section */

/* Begin PBXVariantGroup section */
		0ABAD88A1F3E2BE400986C73 /* Main.storyboard */ = {
			isa = PBXVariantGroup;
			children = (
				0ABAD88B1F3E2BE400986C73 /* Base */,
			);
			name = Main.storyboard;
			sourceTree = "<group>";
		};
		0ABAD88F1F3E2BE400986C73 /* LaunchScreen.storyboard */ = {
			isa = PBXVariantGroup;
			children = (
				0ABAD8901F3E2BE400986C73 /* Base */,
			);
			name = LaunchScreen.storyboard;
			sourceTree = "<group>";
		};
/* End PBXVariantGroup section */

/* Begin XCBuildConfiguration section */
		0ABAD8A91F3E2BE400986C73 /* Debug */ = {
			isa = XCBuildConfiguration;
			buildSettings = {
				ALWAYS_SEARCH_USER_PATHS = NO;
				CLANG_ANALYZER_NONNULL = YES;
				CLANG_ANALYZER_NUMBER_OBJECT_CONVERSION = YES_AGGRESSIVE;
				CLANG_CXX_LANGUAGE_STANDARD = "gnu++0x";
				CLANG_CXX_LIBRARY = "libc++";
				CLANG_ENABLE_MODULES = YES;
				CLANG_ENABLE_OBJC_ARC = YES;
				CLANG_WARN_BOOL_CONVERSION = YES;
				CLANG_WARN_CONSTANT_CONVERSION = YES;
				CLANG_WARN_DIRECT_OBJC_ISA_USAGE = YES_ERROR;
				CLANG_WARN_DOCUMENTATION_COMMENTS = YES;
				CLANG_WARN_EMPTY_BODY = YES;
				CLANG_WARN_ENUM_CONVERSION = YES;
				CLANG_WARN_INFINITE_RECURSION = YES;
				CLANG_WARN_INT_CONVERSION = YES;
				CLANG_WARN_OBJC_ROOT_CLASS = YES_ERROR;
				CLANG_WARN_SUSPICIOUS_MOVE = YES;
				CLANG_WARN_UNREACHABLE_CODE = YES;
				CLANG_WARN__DUPLICATE_METHOD_MATCH = YES;
				"CODE_SIGN_IDENTITY[sdk=iphoneos*]" = "iPhone Developer";
				COPY_PHASE_STRIP = NO;
				DEBUG_INFORMATION_FORMAT = dwarf;
				ENABLE_STRICT_OBJC_MSGSEND = YES;
				ENABLE_TESTABILITY = YES;
				GCC_C_LANGUAGE_STANDARD = gnu99;
				GCC_DYNAMIC_NO_PIC = NO;
				GCC_NO_COMMON_BLOCKS = YES;
				GCC_OPTIMIZATION_LEVEL = 0;
				GCC_PREPROCESSOR_DEFINITIONS = (
					"DEBUG=1",
					"$(inherited)",
				);
				GCC_WARN_64_TO_32_BIT_CONVERSION = YES;
				GCC_WARN_ABOUT_RETURN_TYPE = YES_ERROR;
				GCC_WARN_UNDECLARED_SELECTOR = YES;
				GCC_WARN_UNINITIALIZED_AUTOS = YES_AGGRESSIVE;
				GCC_WARN_UNUSED_FUNCTION = YES;
				GCC_WARN_UNUSED_VARIABLE = YES;
				IPHONEOS_DEPLOYMENT_TARGET = 10.3;
				MTL_ENABLE_DEBUG_INFO = YES;
				ONLY_ACTIVE_ARCH = YES;
				SDKROOT = iphoneos;
				SWIFT_ACTIVE_COMPILATION_CONDITIONS = DEBUG;
				SWIFT_OPTIMIZATION_LEVEL = "-Onone";
				TARGETED_DEVICE_FAMILY = "1,2";
			};
			name = Debug;
		};
		0ABAD8AA1F3E2BE400986C73 /* Release */ = {
			isa = XCBuildConfiguration;
			buildSettings = {
				ALWAYS_SEARCH_USER_PATHS = NO;
				CLANG_ANALYZER_NONNULL = YES;
				CLANG_ANALYZER_NUMBER_OBJECT_CONVERSION = YES_AGGRESSIVE;
				CLANG_CXX_LANGUAGE_STANDARD = "gnu++0x";
				CLANG_CXX_LIBRARY = "libc++";
				CLANG_ENABLE_MODULES = YES;
				CLANG_ENABLE_OBJC_ARC = YES;
				CLANG_WARN_BOOL_CONVERSION = YES;
				CLANG_WARN_CONSTANT_CONVERSION = YES;
				CLANG_WARN_DIRECT_OBJC_ISA_USAGE = YES_ERROR;
				CLANG_WARN_DOCUMENTATION_COMMENTS = YES;
				CLANG_WARN_EMPTY_BODY = YES;
				CLANG_WARN_ENUM_CONVERSION = YES;
				CLANG_WARN_INFINITE_RECURSION = YES;
				CLANG_WARN_INT_CONVERSION = YES;
				CLANG_WARN_OBJC_ROOT_CLASS = YES_ERROR;
				CLANG_WARN_SUSPICIOUS_MOVE = YES;
				CLANG_WARN_UNREACHABLE_CODE = YES;
				CLANG_WARN__DUPLICATE_METHOD_MATCH = YES;
				"CODE_SIGN_IDENTITY[sdk=iphoneos*]" = "iPhone Developer";
				COPY_PHASE_STRIP = NO;
				DEBUG_INFORMATION_FORMAT = "dwarf-with-dsym";
				ENABLE_NS_ASSERTIONS = NO;
				ENABLE_STRICT_OBJC_MSGSEND = YES;
				GCC_C_LANGUAGE_STANDARD = gnu99;
				GCC_NO_COMMON_BLOCKS = YES;
				GCC_WARN_64_TO_32_BIT_CONVERSION = YES;
				GCC_WARN_ABOUT_RETURN_TYPE = YES_ERROR;
				GCC_WARN_UNDECLARED_SELECTOR = YES;
				GCC_WARN_UNINITIALIZED_AUTOS = YES_AGGRESSIVE;
				GCC_WARN_UNUSED_FUNCTION = YES;
				GCC_WARN_UNUSED_VARIABLE = YES;
				IPHONEOS_DEPLOYMENT_TARGET = 10.3;
				MTL_ENABLE_DEBUG_INFO = NO;
				SDKROOT = iphoneos;
				SWIFT_OPTIMIZATION_LEVEL = "-Owholemodule";
				TARGETED_DEVICE_FAMILY = "1,2";
				VALIDATE_PRODUCT = YES;
			};
			name = Release;
		};
		0ABAD8AC1F3E2BE400986C73 /* Debug */ = {
			isa = XCBuildConfiguration;
			buildSettings = {
				ASSETCATALOG_COMPILER_APPICON_NAME = AppIcon;
				DEVELOPMENT_TEAM = L8XDXNFNKF;
				INFOPLIST_FILE = ChineseCardsEditor/Info.plist;
				LD_RUNPATH_SEARCH_PATHS = "$(inherited) @executable_path/Frameworks";
				PRODUCT_BUNDLE_IDENTIFIER = us.happybunny.ChineseCardsEditor;
				PRODUCT_NAME = "$(TARGET_NAME)";
				SWIFT_VERSION = 3.0;
			};
			name = Debug;
		};
		0ABAD8AD1F3E2BE400986C73 /* Release */ = {
			isa = XCBuildConfiguration;
			buildSettings = {
				ASSETCATALOG_COMPILER_APPICON_NAME = AppIcon;
				DEVELOPMENT_TEAM = L8XDXNFNKF;
				INFOPLIST_FILE = ChineseCardsEditor/Info.plist;
				LD_RUNPATH_SEARCH_PATHS = "$(inherited) @executable_path/Frameworks";
				PRODUCT_BUNDLE_IDENTIFIER = us.happybunny.ChineseCardsEditor;
				PRODUCT_NAME = "$(TARGET_NAME)";
				SWIFT_VERSION = 3.0;
			};
			name = Release;
		};
		0ABAD8AF1F3E2BE400986C73 /* Debug */ = {
			isa = XCBuildConfiguration;
			buildSettings = {
				ALWAYS_EMBED_SWIFT_STANDARD_LIBRARIES = YES;
				BUNDLE_LOADER = "$(TEST_HOST)";
				DEVELOPMENT_TEAM = L8XDXNFNKF;
				INFOPLIST_FILE = ChineseCardsEditorTests/Info.plist;
				LD_RUNPATH_SEARCH_PATHS = "$(inherited) @executable_path/Frameworks @loader_path/Frameworks";
				PRODUCT_BUNDLE_IDENTIFIER = us.happybunny.ChineseCardsEditorTests;
				PRODUCT_NAME = "$(TARGET_NAME)";
				SWIFT_VERSION = 3.0;
				TEST_HOST = "$(BUILT_PRODUCTS_DIR)/ChineseCardsEditor.app/ChineseCardsEditor";
			};
			name = Debug;
		};
		0ABAD8B01F3E2BE400986C73 /* Release */ = {
			isa = XCBuildConfiguration;
			buildSettings = {
				ALWAYS_EMBED_SWIFT_STANDARD_LIBRARIES = YES;
				BUNDLE_LOADER = "$(TEST_HOST)";
				DEVELOPMENT_TEAM = L8XDXNFNKF;
				INFOPLIST_FILE = ChineseCardsEditorTests/Info.plist;
				LD_RUNPATH_SEARCH_PATHS = "$(inherited) @executable_path/Frameworks @loader_path/Frameworks";
				PRODUCT_BUNDLE_IDENTIFIER = us.happybunny.ChineseCardsEditorTests;
				PRODUCT_NAME = "$(TARGET_NAME)";
				SWIFT_VERSION = 3.0;
				TEST_HOST = "$(BUILT_PRODUCTS_DIR)/ChineseCardsEditor.app/ChineseCardsEditor";
			};
			name = Release;
		};
		0ABAD8B21F3E2BE400986C73 /* Debug */ = {
			isa = XCBuildConfiguration;
			buildSettings = {
				ALWAYS_EMBED_SWIFT_STANDARD_LIBRARIES = YES;
				DEVELOPMENT_TEAM = L8XDXNFNKF;
				INFOPLIST_FILE = ChineseCardsEditorUITests/Info.plist;
				LD_RUNPATH_SEARCH_PATHS = "$(inherited) @executable_path/Frameworks @loader_path/Frameworks";
				PRODUCT_BUNDLE_IDENTIFIER = us.happybunny.ChineseCardsEditorUITests;
				PRODUCT_NAME = "$(TARGET_NAME)";
				SWIFT_VERSION = 3.0;
				TEST_TARGET_NAME = ChineseCardsEditor;
			};
			name = Debug;
		};
		0ABAD8B31F3E2BE400986C73 /* Release */ = {
			isa = XCBuildConfiguration;
			buildSettings = {
				ALWAYS_EMBED_SWIFT_STANDARD_LIBRARIES = YES;
				DEVELOPMENT_TEAM = L8XDXNFNKF;
				INFOPLIST_FILE = ChineseCardsEditorUITests/Info.plist;
				LD_RUNPATH_SEARCH_PATHS = "$(inherited) @executable_path/Frameworks @loader_path/Frameworks";
				PRODUCT_BUNDLE_IDENTIFIER = us.happybunny.ChineseCardsEditorUITests;
				PRODUCT_NAME = "$(TARGET_NAME)";
				SWIFT_VERSION = 3.0;
				TEST_TARGET_NAME = ChineseCardsEditor;
			};
			name = Release;
		};
/* End XCBuildConfiguration section */

/* Begin XCConfigurationList section */
		0ABAD87E1F3E2BE300986C73 /* Build configuration list for PBXProject "ChineseCardsEditor" */ = {
			isa = XCConfigurationList;
			buildConfigurations = (
				0ABAD8A91F3E2BE400986C73 /* Debug */,
				0ABAD8AA1F3E2BE400986C73 /* Release */,
			);
			defaultConfigurationIsVisible = 0;
			defaultConfigurationName = Release;
		};
		0ABAD8AB1F3E2BE400986C73 /* Build configuration list for PBXNativeTarget "ChineseCardsEditor" */ = {
			isa = XCConfigurationList;
			buildConfigurations = (
				0ABAD8AC1F3E2BE400986C73 /* Debug */,
				0ABAD8AD1F3E2BE400986C73 /* Release */,
			);
			defaultConfigurationIsVisible = 0;
			defaultConfigurationName = Release;
		};
		0ABAD8AE1F3E2BE400986C73 /* Build configuration list for PBXNativeTarget "ChineseCardsEditorTests" */ = {
			isa = XCConfigurationList;
			buildConfigurations = (
				0ABAD8AF1F3E2BE400986C73 /* Debug */,
				0ABAD8B01F3E2BE400986C73 /* Release */,
			);
			defaultConfigurationIsVisible = 0;
			defaultConfigurationName = Release;
		};
		0ABAD8B11F3E2BE400986C73 /* Build configuration list for PBXNativeTarget "ChineseCardsEditorUITests" */ = {
			isa = XCConfigurationList;
			buildConfigurations = (
				0ABAD8B21F3E2BE400986C73 /* Debug */,
				0ABAD8B31F3E2BE400986C73 /* Release */,
			);
			defaultConfigurationIsVisible = 0;
			defaultConfigurationName = Release;
		};
/* End XCConfigurationList section */
	};
	rootObject = 0ABAD87B1F3E2BE300986C73 /* Project object */;
}
